# This file is autogenerated, do not edit; changes may be undone by the next 'dep ensure'.


[[projects]]
  branch = "master"
  name = "github.com/juju/errors"
  packages = ["."]
  revision = "c7d06af17c68cd34c835053720b21f6549d9b0ee"

[[projects]]
  name = "github.com/shopspring/decimal"
  packages = ["."]
  revision = "69b3a8ad1f5f2c8bd855cb6506d18593064a346b"
  version = "1.0.1"

[[projects]]
  branch = "master"
  name = "github.com/thebotguys/golang-bittrex-api"
  packages = ["bittrex"]
  revision = "c77c5638c2f77b556adaa7add104aa8261fa5171"

[solve-meta]
  analyzer-name = "dep"
  analyzer-version = 1
  inputs-digest = "b500928057f7509e676805fc39e8d0eaa0c8f7cd6d84605418650c82c43bf3fc"
  solver-name = "gps-cdcl"
  solver-version = 1
