# This file is autogenerated, do not edit; changes may be undone by the next 'dep ensure'.


[[projects]]
  name = "github.com/gorilla/websocket"
  packages = ["."]
  revision = "ea4d1f681babbce9545c9c5f3d5194a789c89f5b"
  version = "v1.2.0"

[[projects]]
  branch = "master"
  name = "github.com/juju/errors"
  packages = ["."]
  revision = "c7d06af17c68cd34c835053720b21f6549d9b0ee"

[[projects]]
  name = "github.com/shopspring/decimal"
  packages = ["."]
  revision = "69b3a8ad1f5f2c8bd855cb6506d18593064a346b"
  version = "1.0.1"

[[projects]]
  branch = "master"
  name = "github.com/thebotguys/golang-bittrex-api"
  packages = ["bittrex"]
  revision = "c77c5638c2f77b556adaa7add104aa8261fa5171"

[[projects]]
  branch = "master"
  name = "github.com/thebotguys/signalr"
  packages = ["."]
  revision = "58078e12c98f4d4feb9ad2f992fde4db192de7a0"

[[projects]]
  branch = "master"
  name = "github.com/toorop/go-bittrex"
  packages = ["."]
  revision = "7dfe1b321c3fca935c2d81b9e27e81edd6655ec9"

[[projects]]
  name = "gopkg.in/urfave/cli.v1"
  packages = ["."]
  revision = "cfb38830724cc34fedffe9a2a29fb54fa9169cd1"
  version = "v1.20.0"

[solve-meta]
  analyzer-name = "dep"
  analyzer-version = 1
  inputs-digest = "c305b8df9d4eecafd05946723dc3823eac9e2049d3118c0c25bf02e05e3c9836"
  solver-name = "gps-cdcl"
  solver-version = 1
